
Microsoft Visual Studio Solution File, Format Version 12.00
# Visual Studio Version 17
VisualStudioVersion = 17.14.36623.8
MinimumVisualStudioVersion = 10.0.40219.1
Project("{2150E333-8FDC-42A3-9474-1A3956D46DE8}") = "orchestration", "orchestration", "{02EA681E-C7D8-13C7-8484-4AC65E1B71E8}"
	ProjectSection(SolutionItems) = preProject
		orchestration\docker-compose.yml = orchestration\docker-compose.yml
	EndProjectSection
EndProject
Project("{2150E333-8FDC-42A3-9474-1A3956D46DE8}") = "src", "src", "{6CC6F4BE-ADFA-4CBA-82BE-583BE3BA9B00}"
EndProject
Project("{FAE04EC0-301F-11D3-BF4B-00C04F79EFBC}") = "Identity.UI", "src\Identity.UI\Identity.UI.csproj", "{7B3791C8-A523-4999-A42F-E6E22AB6AC1C}"
EndProject
Global
	GlobalSection(SolutionConfigurationPlatforms) = preSolution
		Debug|Any CPU = Debug|Any CPU
		Release|Any CPU = Release|Any CPU
	EndGlobalSection
	GlobalSection(ProjectConfigurationPlatforms) = postSolution
		{7B3791C8-A523-4999-A42F-E6E22AB6AC1C}.Debug|Any CPU.ActiveCfg = Debug|Any CPU
		{7B3791C8-A523-4999-A42F-E6E22AB6AC1C}.Debug|Any CPU.Build.0 = Debug|Any CPU
		{7B3791C8-A523-4999-A42F-E6E22AB6AC1C}.Release|Any CPU.ActiveCfg = Release|Any CPU
		{7B3791C8-A523-4999-A42F-E6E22AB6AC1C}.Release|Any CPU.Build.0 = Release|Any CPU
	EndGlobalSection
	GlobalSection(SolutionProperties) = preSolution
		HideSolutionNode = FALSE
	EndGlobalSection
	GlobalSection(NestedProjects) = preSolution
		{7B3791C8-A523-4999-A42F-E6E22AB6AC1C} = {6CC6F4BE-ADFA-4CBA-82BE-583BE3BA9B00}
	EndGlobalSection
	GlobalSection(ExtensibilityGlobals) = postSolution
		SolutionGuid = {CDF677CD-42D6-472A-8EB0-E0BA0C907023}
	EndGlobalSection
EndGlobal
